{
  "name": "cgreclient",
  "version": "1.0.0",
  "lockfileVersion": 1,
  "requires": true,
  "dependencies": {
    "@types/pixi.js": {
      "version": "4.8.1",
      "resolved": "https://registry.npmjs.org/@types/pixi.js/-/pixi.js-4.8.1.tgz",
      "integrity": "sha512-aKAnT85e8fGJvHjLAVJoJuYg3S1vZxenCEwkj/kvGCBpcxZtxHi/okC3u23rJAsnoo/keBbfWyUIdijSIhwjSg=="
    },
    "angular": {
      "version": "1.7.2",
      "resolved": "https://registry.npmjs.org/angular/-/angular-1.7.2.tgz",
      "integrity": "sha512-JcKKJbBdybUsmQ6x1M3xWyTYQ/ioVKJhSByEAjqrhmlOfvMFdhfMqAx5KIo8rLGk4DFolYPcCSgssjgTVjCtRQ=="
    },
    "angular-route": {
      "version": "1.7.2",
      "resolved": "https://registry.npmjs.org/angular-route/-/angular-route-1.7.2.tgz",
      "integrity": "sha512-YshcsuhYThFbuQqWDhDvxaZtwlwV6M7dPzB2Eit215t0zx/78A7SSKGtw8SsqYyPCealrgD2QWdv4iY7kl6l1w=="
    },
    "bit-twiddle": {
      "version": "1.0.2",
      "resolved": "https://registry.npmjs.org/bit-twiddle/-/bit-twiddle-1.0.2.tgz",
      "integrity": "sha1-DGwfq+KyPRcXPZpht7cJPrnhdp4="
    },
    "earcut": {
      "version": "2.1.3",
      "resolved": "https://registry.npmjs.org/earcut/-/earcut-2.1.3.tgz",
      "integrity": "sha512-AxdCdWUk1zzK/NuZ7e1ljj6IGC+VAdC3Qb7QQDsXpfNrc5IM8tL9nNXUmEGE6jRHTfZ10zhzRhtDmWVsR5pd3A=="
    },
    "es6-object-assign": {
      "version": "1.1.0",
      "resolved": "https://registry.npmjs.org/es6-object-assign/-/es6-object-assign-1.1.0.tgz",
      "integrity": "sha1-wsNYJlYkfDnqEHyx5mUrb58kUjw="
    },
    "eventemitter3": {
      "version": "2.0.3",
      "resolved": "https://registry.npmjs.org/eventemitter3/-/eventemitter3-2.0.3.tgz",
      "integrity": "sha1-teEHm1n7XhuidxwKmTvgYKWMmbo="
    },
    "ismobilejs": {
      "version": "0.4.1",
      "resolved": "https://registry.npmjs.org/ismobilejs/-/ismobilejs-0.4.1.tgz",
      "integrity": "sha1-Gl8SbHD+05yT2jgPpiy65XI+fcI="
    },
    "js-sha256": {
      "version": "0.9.0",
      "resolved": "https://registry.npmjs.org/js-sha256/-/js-sha256-0.9.0.tgz",
      "integrity": "sha512-sga3MHh9sgQN2+pJ9VYZ+1LPwXOxuBJBA5nrR5/ofPfuiJBE2hnjsaN8se8JznOmGLN2p49Pe5U/ttafcs/apA=="
    },
    "mini-signals": {
      "version": "1.2.0",
      "resolved": "https://registry.npmjs.org/mini-signals/-/mini-signals-1.2.0.tgz",
      "integrity": "sha1-RbCAE8X65RokqhqTXNMXye1yHXQ="
    },
    "mousetrap": {
      "version": "1.6.2",
      "resolved": "https://registry.npmjs.org/mousetrap/-/mousetrap-1.6.2.tgz",
      "integrity": "sha512-jDjhi7wlHwdO6q6DS7YRmSHcuI+RVxadBkLt3KHrhd3C2b+w5pKefg3oj5beTcHZyVFA9Aksf+yEE1y5jxUjVA=="
    },
    "object-assign": {
      "version": "4.1.1",
      "resolved": "https://registry.npmjs.org/object-assign/-/object-assign-4.1.1.tgz",
      "integrity": "sha1-IQmtx5ZYh8/AXLvUQsrIv7s2CGM="
    },
    "parse-uri": {
      "version": "1.0.0",
      "resolved": "https://registry.npmjs.org/parse-uri/-/parse-uri-1.0.0.tgz",
      "integrity": "sha1-KHLcwi8aeXrN4Vg9igrClVLdrCA="
    },
    "pixi-gl-core": {
      "version": "1.1.4",
      "resolved": "https://registry.npmjs.org/pixi-gl-core/-/pixi-gl-core-1.1.4.tgz",
      "integrity": "sha1-i0tcQzsx5Bm8N53FZc4bg1qRs3I="
    },
    "pixi-layers": {
      "version": "0.1.9",
      "resolved": "https://registry.npmjs.org/pixi-layers/-/pixi-layers-0.1.9.tgz",
      "integrity": "sha512-icz8ITseH3PC37tZ6DhFedaikRO/rOCOSK7OWNXRgLVfIoT3Z1tQLtvsNIQuwcbhs2sBiUnQ6w0qPvE6GGfa3A==",
      "requires": {
        "@types/pixi.js": "4.8.1"
      }
    },
    "pixi-tilemap": {
      "version": "1.2.4",
      "resolved": "https://registry.npmjs.org/pixi-tilemap/-/pixi-tilemap-1.2.4.tgz",
      "integrity": "sha512-WW9tMsPCDH0Rd9nNByBQ/GB5jpxtH17rtWvEndxKriht9IOfEFb/BjQS5GDHnYIydXzVl6HcArdQRYJ0HG0ejQ==",
      "requires": {
        "@types/pixi.js": "4.8.1"
      }
    },
    "pixi.js": {
      "version": "4.8.1",
      "resolved": "https://registry.npmjs.org/pixi.js/-/pixi.js-4.8.1.tgz",
      "integrity": "sha512-oL0fx8satkkcLTmnweB1idVElCMO/Lg2fs21YSUnrEJy/Skt0FH56nITEv/7epJqs6hq9ZhztSMCP98KiKF9+g==",
      "requires": {
        "bit-twiddle": "1.0.2",
        "earcut": "2.1.3",
        "eventemitter3": "2.0.3",
        "ismobilejs": "0.4.1",
        "object-assign": "4.1.1",
        "pixi-gl-core": "1.1.4",
        "remove-array-items": "1.0.0",
        "resource-loader": "2.1.1"
      }
    },
    "promise-polyfill": {
      "version": "6.1.0",
      "resolved": "https://registry.npmjs.org/promise-polyfill/-/promise-polyfill-6.1.0.tgz",
      "integrity": "sha1-36lpQ+qcEh/KTem1hoyznTRy4Fc="
    },
    "remove-array-items": {
      "version": "1.0.0",
      "resolved": "https://registry.npmjs.org/remove-array-items/-/remove-array-items-1.0.0.tgz",
      "integrity": "sha1-B79CyzMvTPboXq2DteToltIyayE="
    },
    "resource-loader": {
      "version": "2.1.1",
      "resolved": "https://registry.npmjs.org/resource-loader/-/resource-loader-2.1.1.tgz",
      "integrity": "sha512-jRMGYUfa4AGk9ib45Wxc93lobhQVoiCUAUkWqsbb/fhGPge97YT1S8aC0xBEQpolMsrdmB3o7SH8VmIEvIDOLA==",
      "requires": {
        "mini-signals": "1.2.0",
        "parse-uri": "1.0.0"
      }
    },
    "sweetalert": {
      "version": "2.1.0",
      "resolved": "https://registry.npmjs.org/sweetalert/-/sweetalert-2.1.0.tgz",
      "integrity": "sha512-9YKj0SvjKyBfRWco50UOsIbXVeifYbxzT9Qda7EsqC01eafHGCSG0IR7g942ufjzt7lnwO8ZZBwr6emXv2fQrg==",
      "requires": {
        "es6-object-assign": "1.1.0",
        "promise-polyfill": "6.1.0"
      }
    }
  }
}
