
Microsoft Visual Studio Solution File, Format Version 12.00
# Visual Studio 15
VisualStudioVersion = 15.0.27428.2015
MinimumVisualStudioVersion = 10.0.40219.1
Project("{9A19103F-16F7-4668-BE54-9A1E7A4F7556}") = "EntityFrameworkTest", "EntityFrameworkTest\EntityFrameworkTest.csproj", "{6DDC6E3D-836F-4044-B485-10078CCDF931}"
EndProject
Project("{FAE04EC0-301F-11D3-BF4B-00C04F79EFBC}") = "EntityFrameworkPomelo", "EntityFrameworkPomelo\EntityFrameworkPomelo.csproj", "{7F1CA407-8BA1-4E32-AFD4-6B1DD8EDCE22}"
EndProject
Global
	GlobalSection(SolutionConfigurationPlatforms) = preSolution
		Debug|Any CPU = Debug|Any CPU
		Release|Any CPU = Release|Any CPU
	EndGlobalSection
	GlobalSection(ProjectConfigurationPlatforms) = postSolution
		{6DDC6E3D-836F-4044-B485-10078CCDF931}.Debug|Any CPU.ActiveCfg = Debug|Any CPU
		{6DDC6E3D-836F-4044-B485-10078CCDF931}.Debug|Any CPU.Build.0 = Debug|Any CPU
		{6DDC6E3D-836F-4044-B485-10078CCDF931}.Release|Any CPU.ActiveCfg = Release|Any CPU
		{6DDC6E3D-836F-4044-B485-10078CCDF931}.Release|Any CPU.Build.0 = Release|Any CPU
		{7F1CA407-8BA1-4E32-AFD4-6B1DD8EDCE22}.Debug|Any CPU.ActiveCfg = Debug|Any CPU
		{7F1CA407-8BA1-4E32-AFD4-6B1DD8EDCE22}.Debug|Any CPU.Build.0 = Debug|Any CPU
		{7F1CA407-8BA1-4E32-AFD4-6B1DD8EDCE22}.Release|Any CPU.ActiveCfg = Release|Any CPU
		{7F1CA407-8BA1-4E32-AFD4-6B1DD8EDCE22}.Release|Any CPU.Build.0 = Release|Any CPU
	EndGlobalSection
	GlobalSection(SolutionProperties) = preSolution
		HideSolutionNode = FALSE
	EndGlobalSection
	GlobalSection(ExtensibilityGlobals) = postSolution
		SolutionGuid = {2D30CC61-1E67-4114-BB6B-EBD648960E6B}
	EndGlobalSection
EndGlobal
